
Microsoft Visual Studio Solution File, Format Version 12.00
# Visual Studio Version 17
VisualStudioVersion = 17.7.34024.191
MinimumVisualStudioVersion = 10.0.40219.1
Project("{9A19103F-16F7-4668-BE54-9A1E7A4F7556}") = "API", "API\API.csproj", "{00F89EBA-4698-4CBB-95A5-1F5B0D4C3054}"
EndProject
Project("{9A19103F-16F7-4668-BE54-9A1E7A4F7556}") = "sports-betting-app", "sports-betting-app\sports-betting-app.csproj", "{3258C916-660D-45E1-9A15-4BCFB9E53AC3}"
EndProject
Project("{FAE04EC0-301F-11D3-BF4B-00C04F79EFBC}") = "WebAppUnitTests", "WebAppUnitTests\WebAppUnitTests.csproj", "{15ADE638-4CC3-441E-8B3D-D589C73187F4}"
EndProject
Global
	GlobalSection(SolutionConfigurationPlatforms) = preSolution
		Debug|Any CPU = Debug|Any CPU
		Release|Any CPU = Release|Any CPU
	EndGlobalSection
	GlobalSection(ProjectConfigurationPlatforms) = postSolution
		{00F89EBA-4698-4CBB-95A5-1F5B0D4C3054}.Debug|Any CPU.ActiveCfg = Debug|Any CPU
		{00F89EBA-4698-4CBB-95A5-1F5B0D4C3054}.Debug|Any CPU.Build.0 = Debug|Any CPU
		{00F89EBA-4698-4CBB-95A5-1F5B0D4C3054}.Release|Any CPU.ActiveCfg = Release|Any CPU
		{00F89EBA-4698-4CBB-95A5-1F5B0D4C3054}.Release|Any CPU.Build.0 = Release|Any CPU
		{3258C916-660D-45E1-9A15-4BCFB9E53AC3}.Debug|Any CPU.ActiveCfg = Debug|Any CPU
		{3258C916-660D-45E1-9A15-4BCFB9E53AC3}.Debug|Any CPU.Build.0 = Debug|Any CPU
		{3258C916-660D-45E1-9A15-4BCFB9E53AC3}.Release|Any CPU.ActiveCfg = Release|Any CPU
		{3258C916-660D-45E1-9A15-4BCFB9E53AC3}.Release|Any CPU.Build.0 = Release|Any CPU
		{15ADE638-4CC3-441E-8B3D-D589C73187F4}.Debug|Any CPU.ActiveCfg = Debug|Any CPU
		{15ADE638-4CC3-441E-8B3D-D589C73187F4}.Debug|Any CPU.Build.0 = Debug|Any CPU
		{15ADE638-4CC3-441E-8B3D-D589C73187F4}.Release|Any CPU.ActiveCfg = Release|Any CPU
		{15ADE638-4CC3-441E-8B3D-D589C73187F4}.Release|Any CPU.Build.0 = Release|Any CPU
	EndGlobalSection
	GlobalSection(SolutionProperties) = preSolution
		HideSolutionNode = FALSE
	EndGlobalSection
	GlobalSection(ExtensibilityGlobals) = postSolution
		SolutionGuid = {C0A56D10-8BDA-4BF1-9A08-D133D5BC3E1E}
	EndGlobalSection
EndGlobal
